// !$*UTF8*$!
{
	archiveVersion = 1;
	classes = {
	};
	objectVersion = 51;
	objects = {

/* Begin PBXBuildFile section */
		912CB752CD56ADE6C453127C /* Pods_instaClone.framework in Frameworks */ = {isa = PBXBuildFile; fileRef = 1D37A8D712D0C31D80C9C2A9 /* Pods_instaClone.framework */; };
		E2E22C792728BDBC00C4B7A3 /* AppDelegate.swift in Sources */ = {isa = PBXBuildFile; fileRef = E2E22C782728BDBC00C4B7A3 /* AppDelegate.swift */; };
		E2E22C7B2728BDBC00C4B7A3 /* SceneDelegate.swift in Sources */ = {isa = PBXBuildFile; fileRef = E2E22C7A2728BDBC00C4B7A3 /* SceneDelegate.swift */; };
		E2E22C802728BDBC00C4B7A3 /* Main.storyboard in Resources */ = {isa = PBXBuildFile; fileRef = E2E22C7E2728BDBC00C4B7A3 /* Main.storyboard */; };
		E2E22C822728BDBE00C4B7A3 /* Assets.xcassets in Resources */ = {isa = PBXBuildFile; fileRef = E2E22C812728BDBE00C4B7A3 /* Assets.xcassets */; };
		E2E22C852728BDBE00C4B7A3 /* LaunchScreen.storyboard in Resources */ = {isa = PBXBuildFile; fileRef = E2E22C832728BDBE00C4B7A3 /* LaunchScreen.storyboard */; };
		E2E22C8D2728C0D800C4B7A3 /* LoginViewController.swift in Sources */ = {isa = PBXBuildFile; fileRef = E2E22C8C2728C0D800C4B7A3 /* LoginViewController.swift */; };
		E2E22C8F2728C0EE00C4B7A3 /* FeedViewController.swift in Sources */ = {isa = PBXBuildFile; fileRef = E2E22C8E2728C0EE00C4B7A3 /* FeedViewController.swift */; };
		E2E22C912728CC9D00C4B7A3 /* CameraViewController.swift in Sources */ = {isa = PBXBuildFile; fileRef = E2E22C902728CC9D00C4B7A3 /* CameraViewController.swift */; };
		E2E22C932728D5D300C4B7A3 /* PostTableViewCell.swift in Sources */ = {isa = PBXBuildFile; fileRef = E2E22C922728D5D300C4B7A3 /* PostTableViewCell.swift */; };
/* End PBXBuildFile section */

/* Begin PBXFileReference section */
		09EAA5FE79C239FF6E90B61A /* Pods-instaClone.debug.xcconfig */ = {isa = PBXFileReference; includeInIndex = 1; lastKnownFileType = text.xcconfig; name = "Pods-instaClone.debug.xcconfig"; path = "Target Support Files/Pods-instaClone/Pods-instaClone.debug.xcconfig"; sourceTree = "<group>"; };
		1D37A8D712D0C31D80C9C2A9 /* Pods_instaClone.framework */ = {isa = PBXFileReference; explicitFileType = wrapper.framework; includeInIndex = 0; path = Pods_instaClone.framework; sourceTree = BUILT_PRODUCTS_DIR; };
		361F14811DEE86A67A75539B /* Pods-instaClone.release.xcconfig */ = {isa = PBXFileReference; includeInIndex = 1; lastKnownFileType = text.xcconfig; name = "Pods-instaClone.release.xcconfig"; path = "Target Support Files/Pods-instaClone/Pods-instaClone.release.xcconfig"; sourceTree = "<group>"; };
		E2E22C752728BDBC00C4B7A3 /* instaClone.app */ = {isa = PBXFileReference; explicitFileType = wrapper.application; includeInIndex = 0; path = instaClone.app; sourceTree = BUILT_PRODUCTS_DIR; };
		E2E22C782728BDBC00C4B7A3 /* AppDelegate.swift */ = {isa = PBXFileReference; lastKnownFileType = sourcecode.swift; path = AppDelegate.swift; sourceTree = "<group>"; };
		E2E22C7A2728BDBC00C4B7A3 /* SceneDelegate.swift */ = {isa = PBXFileReference; lastKnownFileType = sourcecode.swift; path = SceneDelegate.swift; sourceTree = "<group>"; };
		E2E22C7F2728BDBC00C4B7A3 /* Base */ = {isa = PBXFileReference; lastKnownFileType = file.storyboard; name = Base; path = Base.lproj/Main.storyboard; sourceTree = "<group>"; };
		E2E22C812728BDBE00C4B7A3 /* Assets.xcassets */ = {isa = PBXFileReference; lastKnownFileType = folder.assetcatalog; path = Assets.xcassets; sourceTree = "<group>"; };
		E2E22C842728BDBE00C4B7A3 /* Base */ = {isa = PBXFileReference; lastKnownFileType = file.storyboard; name = Base; path = Base.lproj/LaunchScreen.storyboard; sourceTree = "<group>"; };
		E2E22C862728BDBE00C4B7A3 /* Info.plist */ = {isa = PBXFileReference; lastKnownFileType = text.plist.xml; path = Info.plist; sourceTree = "<group>"; };
		E2E22C8C2728C0D800C4B7A3 /* LoginViewController.swift */ = {isa = PBXFileReference; lastKnownFileType = sourcecode.swift; path = LoginViewController.swift; sourceTree = "<group>"; };
		E2E22C8E2728C0EE00C4B7A3 /* FeedViewController.swift */ = {isa = PBXFileReference; lastKnownFileType = sourcecode.swift; path = FeedViewController.swift; sourceTree = "<group>"; };
		E2E22C902728CC9D00C4B7A3 /* CameraViewController.swift */ = {isa = PBXFileReference; lastKnownFileType = sourcecode.swift; path = CameraViewController.swift; sourceTree = "<group>"; };
		E2E22C922728D5D300C4B7A3 /* PostTableViewCell.swift */ = {isa = PBXFileReference; lastKnownFileType = sourcecode.swift; path = PostTableViewCell.swift; sourceTree = "<group>"; };
/* End PBXFileReference section */

/* Begin PBXFrameworksBuildPhase section */
		E2E22C722728BDBC00C4B7A3 /* Frameworks */ = {
			isa = PBXFrameworksBuildPhase;
			buildActionMask = 2147483647;
			files = (
				912CB752CD56ADE6C453127C /* Pods_instaClone.framework in Frameworks */,
			);
			runOnlyForDeploymentPostprocessing = 0;
		};
/* End PBXFrameworksBuildPhase section */

/* Begin PBXGroup section */
		693717A9F2880CD822271705 /* Pods */ = {
			isa = PBXGroup;
			children = (
				09EAA5FE79C239FF6E90B61A /* Pods-instaClone.debug.xcconfig */,
				361F14811DEE86A67A75539B /* Pods-instaClone.release.xcconfig */,
			);
			path = Pods;
			sourceTree = "<group>";
		};
		E2E22C6C2728BDBC00C4B7A3 = {
			isa = PBXGroup;
			children = (
				E2E22C772728BDBC00C4B7A3 /* instaClone */,
				E2E22C762728BDBC00C4B7A3 /* Products */,
				693717A9F2880CD822271705 /* Pods */,
				E6C112ED87162AEEB7616D6D /* Frameworks */,
			);
			sourceTree = "<group>";
		};
		E2E22C762728BDBC00C4B7A3 /* Products */ = {
			isa = PBXGroup;
			children = (
				E2E22C752728BDBC00C4B7A3 /* instaClone.app */,
			);
			name = Products;
			sourceTree = "<group>";
		};
		E2E22C772728BDBC00C4B7A3 /* instaClone */ = {
			isa = PBXGroup;
			children = (
				E2E22C782728BDBC00C4B7A3 /* AppDelegate.swift */,
				E2E22C7A2728BDBC00C4B7A3 /* SceneDelegate.swift */,
				E2E22C7E2728BDBC00C4B7A3 /* Main.storyboard */,
				E2E22C812728BDBE00C4B7A3 /* Assets.xcassets */,
				E2E22C832728BDBE00C4B7A3 /* LaunchScreen.storyboard */,
				E2E22C862728BDBE00C4B7A3 /* Info.plist */,
				E2E22C8C2728C0D800C4B7A3 /* LoginViewController.swift */,
				E2E22C8E2728C0EE00C4B7A3 /* FeedViewController.swift */,
				E2E22C902728CC9D00C4B7A3 /* CameraViewController.swift */,
				E2E22C922728D5D300C4B7A3 /* PostTableViewCell.swift */,
			);
			path = instaClone;
			sourceTree = "<group>";
		};
		E6C112ED87162AEEB7616D6D /* Frameworks */ = {
			isa = PBXGroup;
			children = (
				1D37A8D712D0C31D80C9C2A9 /* Pods_instaClone.framework */,
			);
			name = Frameworks;
			sourceTree = "<group>";
		};
/* End PBXGroup section */

/* Begin PBXNativeTarget section */
		E2E22C742728BDBC00C4B7A3 /* instaClone */ = {
			isa = PBXNativeTarget;
			buildConfigurationList = E2E22C892728BDBE00C4B7A3 /* Build configuration list for PBXNativeTarget "instaClone" */;
			buildPhases = (
				29F05B7111EC09362379A62A /* [CP] Check Pods Manifest.lock */,
				E2E22C712728BDBC00C4B7A3 /* Sources */,
				E2E22C722728BDBC00C4B7A3 /* Frameworks */,
				E2E22C732728BDBC00C4B7A3 /* Resources */,
				803A3FFA023468B560B8B0F9 /* [CP] Embed Pods Frameworks */,
			);
			buildRules = (
			);
			dependencies = (
			);
			name = instaClone;
			productName = instaClone;
			productReference = E2E22C752728BDBC00C4B7A3 /* instaClone.app */;
			productType = "com.apple.product-type.application";
		};
/* End PBXNativeTarget section */

/* Begin PBXProject section */
		E2E22C6D2728BDBC00C4B7A3 /* Project object */ = {
			isa = PBXProject;
			attributes = {
				LastSwiftUpdateCheck = 1250;
				LastUpgradeCheck = 1250;
				TargetAttributes = {
					E2E22C742728BDBC00C4B7A3 = {
						CreatedOnToolsVersion = 12.5.1;
					};
				};
			};
			buildConfigurationList = E2E22C702728BDBC00C4B7A3 /* Build configuration list for PBXProject "instaClone" */;
			compatibilityVersion = "Xcode 9.3";
			developmentRegion = en;
			hasScannedForEncodings = 0;
			knownRegions = (
				en,
				Base,
			);
			mainGroup = E2E22C6C2728BDBC00C4B7A3;
			productRefGroup = E2E22C762728BDBC00C4B7A3 /* Products */;
			projectDirPath = "";
			projectRoot = "";
			targets = (
				E2E22C742728BDBC00C4B7A3 /* instaClone */,
			);
		};
/* End PBXProject section */

/* Begin PBXResourcesBuildPhase section */
		E2E22C732728BDBC00C4B7A3 /* Resources */ = {
			isa = PBXResourcesBuildPhase;
			buildActionMask = 2147483647;
			files = (
				E2E22C852728BDBE00C4B7A3 /* LaunchScreen.storyboard in Resources */,
				E2E22C822728BDBE00C4B7A3 /* Assets.xcassets in Resources */,
				E2E22C802728BDBC00C4B7A3 /* Main.storyboard in Resources */,
			);
			runOnlyForDeploymentPostprocessing = 0;
		};
/* End PBXResourcesBuildPhase section */

/* Begin PBXShellScriptBuildPhase section */
		29F05B7111EC09362379A62A /* [CP] Check Pods Manifest.lock */ = {
			isa = PBXShellScriptBuildPhase;
			buildActionMask = 2147483647;
			files = (
			);
			inputFileListPaths = (
			);
			inputPaths = (
				"${PODS_PODFILE_DIR_PATH}/Podfile.lock",
				"${PODS_ROOT}/Manifest.lock",
			);
			name = "[CP] Check Pods Manifest.lock";
			outputFileListPaths = (
			);
			outputPaths = (
				"$(DERIVED_FILE_DIR)/Pods-instaClone-checkManifestLockResult.txt",
			);
			runOnlyForDeploymentPostprocessing = 0;
			shellPath = /bin/sh;
			shellScript = "diff \"${PODS_PODFILE_DIR_PATH}/Podfile.lock\" \"${PODS_ROOT}/Manifest.lock\" > /dev/null\nif [ $? != 0 ] ; then\n    # print error to STDERR\n    echo \"error: The sandbox is not in sync with the Podfile.lock. Run 'pod install' or update your CocoaPods installation.\" >&2\n    exit 1\nfi\n# This output is used by Xcode 'outputs' to avoid re-running this script phase.\necho \"SUCCESS\" > \"${SCRIPT_OUTPUT_FILE_0}\"\n";
			showEnvVarsInLog = 0;
		};
		803A3FFA023468B560B8B0F9 /* [CP] Embed Pods Frameworks */ = {
			isa = PBXShellScriptBuildPhase;
			buildActionMask = 2147483647;
			files = (
			);
			inputFileListPaths = (
				"${PODS_ROOT}/Target Support Files/Pods-instaClone/Pods-instaClone-frameworks-${CONFIGURATION}-input-files.xcfilelist",
			);
			name = "[CP] Embed Pods Frameworks";
			outputFileListPaths = (
				"${PODS_ROOT}/Target Support Files/Pods-instaClone/Pods-instaClone-frameworks-${CONFIGURATION}-output-files.xcfilelist",
			);
			runOnlyForDeploymentPostprocessing = 0;
			shellPath = /bin/sh;
			shellScript = "\"${PODS_ROOT}/Target Support Files/Pods-instaClone/Pods-instaClone-frameworks.sh\"\n";
			showEnvVarsInLog = 0;
		};
/* End PBXShellScriptBuildPhase section */

/* Begin PBXSourcesBuildPhase section */
		E2E22C712728BDBC00C4B7A3 /* Sources */ = {
			isa = PBXSourcesBuildPhase;
			buildActionMask = 2147483647;
			files = (
				E2E22C8D2728C0D800C4B7A3 /* LoginViewController.swift in Sources */,
				E2E22C912728CC9D00C4B7A3 /* CameraViewController.swift in Sources */,
				E2E22C792728BDBC00C4B7A3 /* AppDelegate.swift in Sources */,
				E2E22C8F2728C0EE00C4B7A3 /* FeedViewController.swift in Sources */,
				E2E22C7B2728BDBC00C4B7A3 /* SceneDelegate.swift in Sources */,
				E2E22C932728D5D300C4B7A3 /* PostTableViewCell.swift in Sources */,
			);
			runOnlyForDeploymentPostprocessing = 0;
		};
/* End PBXSourcesBuildPhase section */

/* Begin PBXVariantGroup section */
		E2E22C7E2728BDBC00C4B7A3 /* Main.storyboard */ = {
			isa = PBXVariantGroup;
			children = (
				E2E22C7F2728BDBC00C4B7A3 /* Base */,
			);
			name = Main.storyboard;
			sourceTree = "<group>";
		};
		E2E22C832728BDBE00C4B7A3 /* LaunchScreen.storyboard */ = {
			isa = PBXVariantGroup;
			children = (
				E2E22C842728BDBE00C4B7A3 /* Base */,
			);
			name = LaunchScreen.storyboard;
			sourceTree = "<group>";
		};
/* End PBXVariantGroup section */

/* Begin XCBuildConfiguration section */
		E2E22C872728BDBE00C4B7A3 /* Debug */ = {
			isa = XCBuildConfiguration;
			buildSettings = {
				ALWAYS_SEARCH_USER_PATHS = NO;
				CLANG_ANALYZER_NONNULL = YES;
				CLANG_ANALYZER_NUMBER_OBJECT_CONVERSION = YES_AGGRESSIVE;
				CLANG_CXX_LANGUAGE_STANDARD = "gnu++14";
				CLANG_CXX_LIBRARY = "libc++";
				CLANG_ENABLE_MODULES = YES;
				CLANG_ENABLE_OBJC_ARC = YES;
				CLANG_ENABLE_OBJC_WEAK = YES;
				CLANG_WARN_BLOCK_CAPTURE_AUTORELEASING = YES;
				CLANG_WARN_BOOL_CONVERSION = YES;
				CLANG_WARN_COMMA = YES;
				CLANG_WARN_CONSTANT_CONVERSION = YES;
				CLANG_WARN_DEPRECATED_OBJC_IMPLEMENTATIONS = YES;
				CLANG_WARN_DIRECT_OBJC_ISA_USAGE = YES_ERROR;
				CLANG_WARN_DOCUMENTATION_COMMENTS = YES;
				CLANG_WARN_EMPTY_BODY = YES;
				CLANG_WARN_ENUM_CONVERSION = YES;
				CLANG_WARN_INFINITE_RECURSION = YES;
				CLANG_WARN_INT_CONVERSION = YES;
				CLANG_WARN_NON_LITERAL_NULL_CONVERSION = YES;
				CLANG_WARN_OBJC_IMPLICIT_RETAIN_SELF = YES;
				CLANG_WARN_OBJC_LITERAL_CONVERSION = YES;
				CLANG_WARN_OBJC_ROOT_CLASS = YES_ERROR;
				CLANG_WARN_QUOTED_INCLUDE_IN_FRAMEWORK_HEADER = YES;
				CLANG_WARN_RANGE_LOOP_ANALYSIS = YES;
				CLANG_WARN_STRICT_PROTOTYPES = YES;
				CLANG_WARN_SUSPICIOUS_MOVE = YES;
				CLANG_WARN_UNGUARDED_AVAILABILITY = YES_AGGRESSIVE;
				CLANG_WARN_UNREACHABLE_CODE = YES;
				CLANG_WARN__DUPLICATE_METHOD_MATCH = YES;
				COPY_PHASE_STRIP = NO;
				DEBUG_INFORMATION_FORMAT = dwarf;
				ENABLE_STRICT_OBJC_MSGSEND = YES;
				ENABLE_TESTABILITY = YES;
				GCC_C_LANGUAGE_STANDARD = gnu11;
				GCC_DYNAMIC_NO_PIC = NO;
				GCC_NO_COMMON_BLOCKS = YES;
				GCC_OPTIMIZATION_LEVEL = 0;
				GCC_PREPROCESSOR_DEFINITIONS = (
					"DEBUG=1",
					"$(inherited)",
				);
				GCC_WARN_64_TO_32_BIT_CONVERSION = YES;
				GCC_WARN_ABOUT_RETURN_TYPE = YES_ERROR;
				GCC_WARN_UNDECLARED_SELECTOR = YES;
				GCC_WARN_UNINITIALIZED_AUTOS = YES_AGGRESSIVE;
				GCC_WARN_UNUSED_FUNCTION = YES;
				GCC_WARN_UNUSED_VARIABLE = YES;
				IPHONEOS_DEPLOYMENT_TARGET = 14.5;
				MTL_ENABLE_DEBUG_INFO = INCLUDE_SOURCE;
				MTL_FAST_MATH = YES;
				ONLY_ACTIVE_ARCH = YES;
				SDKROOT = iphoneos;
				SWIFT_ACTIVE_COMPILATION_CONDITIONS = DEBUG;
				SWIFT_OPTIMIZATION_LEVEL = "-Onone";
			};
			name = Debug;
		};
		E2E22C882728BDBE00C4B7A3 /* Release */ = {
			isa = XCBuildConfiguration;
			buildSettings = {
				ALWAYS_SEARCH_USER_PATHS = NO;
				CLANG_ANALYZER_NONNULL = YES;
				CLANG_ANALYZER_NUMBER_OBJECT_CONVERSION = YES_AGGRESSIVE;
				CLANG_CXX_LANGUAGE_STANDARD = "gnu++14";
				CLANG_CXX_LIBRARY = "libc++";
				CLANG_ENABLE_MODULES = YES;
				CLANG_ENABLE_OBJC_ARC = YES;
				CLANG_ENABLE_OBJC_WEAK = YES;
				CLANG_WARN_BLOCK_CAPTURE_AUTORELEASING = YES;
				CLANG_WARN_BOOL_CONVERSION = YES;
				CLANG_WARN_COMMA = YES;
				CLANG_WARN_CONSTANT_CONVERSION = YES;
				CLANG_WARN_DEPRECATED_OBJC_IMPLEMENTATIONS = YES;
				CLANG_WARN_DIRECT_OBJC_ISA_USAGE = YES_ERROR;
				CLANG_WARN_DOCUMENTATION_COMMENTS = YES;
				CLANG_WARN_EMPTY_BODY = YES;
				CLANG_WARN_ENUM_CONVERSION = YES;
				CLANG_WARN_INFINITE_RECURSION = YES;
				CLANG_WARN_INT_CONVERSION = YES;
				CLANG_WARN_NON_LITERAL_NULL_CONVERSION = YES;
				CLANG_WARN_OBJC_IMPLICIT_RETAIN_SELF = YES;
				CLANG_WARN_OBJC_LITERAL_CONVERSION = YES;
				CLANG_WARN_OBJC_ROOT_CLASS = YES_ERROR;
				CLANG_WARN_QUOTED_INCLUDE_IN_FRAMEWORK_HEADER = YES;
				CLANG_WARN_RANGE_LOOP_ANALYSIS = YES;
				CLANG_WARN_STRICT_PROTOTYPES = YES;
				CLANG_WARN_SUSPICIOUS_MOVE = YES;
				CLANG_WARN_UNGUARDED_AVAILABILITY = YES_AGGRESSIVE;
				CLANG_WARN_UNREACHABLE_CODE = YES;
				CLANG_WARN__DUPLICATE_METHOD_MATCH = YES;
				COPY_PHASE_STRIP = NO;
				DEBUG_INFORMATION_FORMAT = "dwarf-with-dsym";
				ENABLE_NS_ASSERTIONS = NO;
				ENABLE_STRICT_OBJC_MSGSEND = YES;
				GCC_C_LANGUAGE_STANDARD = gnu11;
				GCC_NO_COMMON_BLOCKS = YES;
				GCC_WARN_64_TO_32_BIT_CONVERSION = YES;
				GCC_WARN_ABOUT_RETURN_TYPE = YES_ERROR;
				GCC_WARN_UNDECLARED_SELECTOR = YES;
				GCC_WARN_UNINITIALIZED_AUTOS = YES_AGGRESSIVE;
				GCC_WARN_UNUSED_FUNCTION = YES;
				GCC_WARN_UNUSED_VARIABLE = YES;
				IPHONEOS_DEPLOYMENT_TARGET = 14.5;
				MTL_ENABLE_DEBUG_INFO = NO;
				MTL_FAST_MATH = YES;
				SDKROOT = iphoneos;
				SWIFT_COMPILATION_MODE = wholemodule;
				SWIFT_OPTIMIZATION_LEVEL = "-O";
				VALIDATE_PRODUCT = YES;
			};
			name = Release;
		};
		E2E22C8A2728BDBE00C4B7A3 /* Debug */ = {
			isa = XCBuildConfiguration;
			baseConfigurationReference = 09EAA5FE79C239FF6E90B61A /* Pods-instaClone.debug.xcconfig */;
			buildSettings = {
				ASSETCATALOG_COMPILER_APPICON_NAME = AppIcon;
				ASSETCATALOG_COMPILER_GLOBAL_ACCENT_COLOR_NAME = AccentColor;
				CODE_SIGN_STYLE = Automatic;
				DEVELOPMENT_TEAM = 39Z4N6DBD2;
				INFOPLIST_FILE = instaClone/Info.plist;
				LD_RUNPATH_SEARCH_PATHS = (
					"$(inherited)",
					"@executable_path/Frameworks",
				);
				PRODUCT_BUNDLE_IDENTIFIER = com.thomasmcnutt.instaClone;
				PRODUCT_NAME = "$(TARGET_NAME)";
				SWIFT_VERSION = 5.0;
				TARGETED_DEVICE_FAMILY = "1,2";
			};
			name = Debug;
		};
		E2E22C8B2728BDBE00C4B7A3 /* Release */ = {
			isa = XCBuildConfiguration;
			baseConfigurationReference = 361F14811DEE86A67A75539B /* Pods-instaClone.release.xcconfig */;
			buildSettings = {
				ASSETCATALOG_COMPILER_APPICON_NAME = AppIcon;
				ASSETCATALOG_COMPILER_GLOBAL_ACCENT_COLOR_NAME = AccentColor;
				CODE_SIGN_STYLE = Automatic;
				DEVELOPMENT_TEAM = 39Z4N6DBD2;
				INFOPLIST_FILE = instaClone/Info.plist;
				LD_RUNPATH_SEARCH_PATHS = (
					"$(inherited)",
					"@executable_path/Frameworks",
				);
				PRODUCT_BUNDLE_IDENTIFIER = com.thomasmcnutt.instaClone;
				PRODUCT_NAME = "$(TARGET_NAME)";
				SWIFT_VERSION = 5.0;
				TARGETED_DEVICE_FAMILY = "1,2";
			};
			name = Release;
		};
/* End XCBuildConfiguration section */

/* Begin XCConfigurationList section */
		E2E22C702728BDBC00C4B7A3 /* Build configuration list for PBXProject "instaClone" */ = {
			isa = XCConfigurationList;
			buildConfigurations = (
				E2E22C872728BDBE00C4B7A3 /* Debug */,
				E2E22C882728BDBE00C4B7A3 /* Release */,
			);
			defaultConfigurationIsVisible = 0;
			defaultConfigurationName = Release;
		};
		E2E22C892728BDBE00C4B7A3 /* Build configuration list for PBXNativeTarget "instaClone" */ = {
			isa = XCConfigurationList;
			buildConfigurations = (
				E2E22C8A2728BDBE00C4B7A3 /* Debug */,
				E2E22C8B2728BDBE00C4B7A3 /* Release */,
			);
			defaultConfigurationIsVisible = 0;
			defaultConfigurationName = Release;
		};
/* End XCConfigurationList section */
	};
	rootObject = E2E22C6D2728BDBC00C4B7A3 /* Project object */;
}
